Microsoft Visual Studio Solution File, Format Version 12.00
# Visual Studio Version 17
VisualStudioVersion = 17.0.31903.59
MinimumVisualStudioVersion = 10.0.40219.1
Project("{FAE04EC0-301F-11D3-BF4B-00C04F79EFBC}") = "MonPlatPrenos.Worker", "MonPlatPrenos.Worker\MonPlatPrenos.Worker.csproj", "{3F8F4998-2F67-4B99-A6E0-46C6D7C44A31}"
EndProject
Project("{FAE04EC0-301F-11D3-BF4B-00C04F79EFBC}") = "MonPlatPrenos.DebugRunner", "MonPlatPrenos.DebugRunner\MonPlatPrenos.DebugRunner.csproj", "{5AE3932B-4D57-465A-B726-2D4A820C6792}"
EndProject
Global
	GlobalSection(SolutionConfigurationPlatforms) = preSolution
		Debug|Any CPU = Debug|Any CPU
		Release|Any CPU = Release|Any CPU
	EndGlobalSection
	GlobalSection(ProjectConfigurationPlatforms) = postSolution
		{3F8F4998-2F67-4B99-A6E0-46C6D7C44A31}.Debug|Any CPU.ActiveCfg = Debug|Any CPU
		{3F8F4998-2F67-4B99-A6E0-46C6D7C44A31}.Debug|Any CPU.Build.0 = Debug|Any CPU
		{3F8F4998-2F67-4B99-A6E0-46C6D7C44A31}.Release|Any CPU.ActiveCfg = Release|Any CPU
		{3F8F4998-2F67-4B99-A6E0-46C6D7C44A31}.Release|Any CPU.Build.0 = Release|Any CPU
		{5AE3932B-4D57-465A-B726-2D4A820C6792}.Debug|Any CPU.ActiveCfg = Debug|Any CPU
		{5AE3932B-4D57-465A-B726-2D4A820C6792}.Debug|Any CPU.Build.0 = Debug|Any CPU
		{5AE3932B-4D57-465A-B726-2D4A820C6792}.Release|Any CPU.ActiveCfg = Release|Any CPU
		{5AE3932B-4D57-465A-B726-2D4A820C6792}.Release|Any CPU.Build.0 = Release|Any CPU
	EndGlobalSection
	GlobalSection(SolutionProperties) = preSolution
		HideSolutionNode = FALSE
	EndGlobalSection
EndGlobal
